
Microsoft Visual Studio Solution File, Format Version 12.00
# Visual Studio Version 16
VisualStudioVersion = 16.0.28711.60
MinimumVisualStudioVersion = 10.0.40219.1
Project("{9A19103F-16F7-4668-BE54-9A1E7A4F7556}") = "Eva", "Eva\Eva.csproj", "{0E079F2E-4859-4D04-9781-8389718365B8}"
EndProject
Project("{9A19103F-16F7-4668-BE54-9A1E7A4F7556}") = "EvaTests", "EvaTests\EvaTests.csproj", "{3950ABF9-2A12-4325-AB8C-55C32DC87403}"
EndProject
Project("{2150E333-8FDC-42A3-9474-1A3956D46DE8}") = "Solution Items", "Solution Items", "{2A7E5918-07C0-41C0-B2A5-7F92B78F2A87}"
	ProjectSection(SolutionItems) = preProject
		.gitignore = .gitignore
		README.md = README.md
	EndProjectSection
EndProject
Global
	GlobalSection(SolutionConfigurationPlatforms) = preSolution
		Debug|Any CPU = Debug|Any CPU
		Release|Any CPU = Release|Any CPU
	EndGlobalSection
	GlobalSection(ProjectConfigurationPlatforms) = postSolution
		{0E079F2E-4859-4D04-9781-8389718365B8}.Debug|Any CPU.ActiveCfg = Debug|Any CPU
		{0E079F2E-4859-4D04-9781-8389718365B8}.Debug|Any CPU.Build.0 = Debug|Any CPU
		{0E079F2E-4859-4D04-9781-8389718365B8}.Release|Any CPU.ActiveCfg = Release|Any CPU
		{0E079F2E-4859-4D04-9781-8389718365B8}.Release|Any CPU.Build.0 = Release|Any CPU
		{3950ABF9-2A12-4325-AB8C-55C32DC87403}.Debug|Any CPU.ActiveCfg = Debug|Any CPU
		{3950ABF9-2A12-4325-AB8C-55C32DC87403}.Debug|Any CPU.Build.0 = Debug|Any CPU
		{3950ABF9-2A12-4325-AB8C-55C32DC87403}.Release|Any CPU.ActiveCfg = Release|Any CPU
		{3950ABF9-2A12-4325-AB8C-55C32DC87403}.Release|Any CPU.Build.0 = Release|Any CPU
	EndGlobalSection
	GlobalSection(SolutionProperties) = preSolution
		HideSolutionNode = FALSE
	EndGlobalSection
	GlobalSection(ExtensibilityGlobals) = postSolution
		SolutionGuid = {152BF75D-16AE-4E95-B5B1-D6F833F0B5B7}
	EndGlobalSection
EndGlobal
